
Microsoft Visual Studio Solution File, Format Version 12.00
# Visual Studio Version 17
VisualStudioVersion = 17.10.35004.147
MinimumVisualStudioVersion = 10.0.40219.1
Project("{9A19103F-16F7-4668-BE54-9A1E7A4F7556}") = "CarShare.BLL", "CarShare.BLL\CarShare.BLL.csproj", "{B4DC9BF1-0A1D-47F5-8102-A33C2DDD0DD7}"
EndProject
Project("{9A19103F-16F7-4668-BE54-9A1E7A4F7556}") = "CarShare.DAL", "CarShare.DAL\CarShare.DAL.csproj", "{1570CCF0-8B08-4BE6-97F8-D2CDF525E6F5}"
EndProject
Project("{9A19103F-16F7-4668-BE54-9A1E7A4F7556}") = "CarShare.API", "CarShare.API\CarShare.API.csproj", "{8232B31B-D6AC-4AA8-852A-D6D324F5F535}"
EndProject
Global
	GlobalSection(SolutionConfigurationPlatforms) = preSolution
		Debug|Any CPU = Debug|Any CPU
		Release|Any CPU = Release|Any CPU
	EndGlobalSection
	GlobalSection(ProjectConfigurationPlatforms) = postSolution
		{B4DC9BF1-0A1D-47F5-8102-A33C2DDD0DD7}.Debug|Any CPU.ActiveCfg = Debug|Any CPU
		{B4DC9BF1-0A1D-47F5-8102-A33C2DDD0DD7}.Debug|Any CPU.Build.0 = Debug|Any CPU
		{B4DC9BF1-0A1D-47F5-8102-A33C2DDD0DD7}.Release|Any CPU.ActiveCfg = Release|Any CPU
		{B4DC9BF1-0A1D-47F5-8102-A33C2DDD0DD7}.Release|Any CPU.Build.0 = Release|Any CPU
		{1570CCF0-8B08-4BE6-97F8-D2CDF525E6F5}.Debug|Any CPU.ActiveCfg = Debug|Any CPU
		{1570CCF0-8B08-4BE6-97F8-D2CDF525E6F5}.Debug|Any CPU.Build.0 = Debug|Any CPU
		{1570CCF0-8B08-4BE6-97F8-D2CDF525E6F5}.Release|Any CPU.ActiveCfg = Release|Any CPU
		{1570CCF0-8B08-4BE6-97F8-D2CDF525E6F5}.Release|Any CPU.Build.0 = Release|Any CPU
		{8232B31B-D6AC-4AA8-852A-D6D324F5F535}.Debug|Any CPU.ActiveCfg = Debug|Any CPU
		{8232B31B-D6AC-4AA8-852A-D6D324F5F535}.Debug|Any CPU.Build.0 = Debug|Any CPU
		{8232B31B-D6AC-4AA8-852A-D6D324F5F535}.Release|Any CPU.ActiveCfg = Release|Any CPU
		{8232B31B-D6AC-4AA8-852A-D6D324F5F535}.Release|Any CPU.Build.0 = Release|Any CPU
	EndGlobalSection
	GlobalSection(SolutionProperties) = preSolution
		HideSolutionNode = FALSE
	EndGlobalSection
	GlobalSection(ExtensibilityGlobals) = postSolution
		SolutionGuid = {A168A712-715C-43D5-96CF-F27C0D663624}
	EndGlobalSection
EndGlobal
